// !$*UTF8*$!
{
	archiveVersion = 1;
	classes = {
	};
	objectVersion = 50;
	objects = {

/* Begin PBXBuildFile section */
		94C01F96219D130600E5123B /* AppDelegate.swift in Sources */ = {isa = PBXBuildFile; fileRef = 94C01F95219D130600E5123B /* AppDelegate.swift */; };
		94C01F98219D130600E5123B /* ViewController.swift in Sources */ = {isa = PBXBuildFile; fileRef = 94C01F97219D130600E5123B /* ViewController.swift */; };
		94C01F9B219D130600E5123B /* Main.storyboard in Resources */ = {isa = PBXBuildFile; fileRef = 94C01F99219D130600E5123B /* Main.storyboard */; };
		94C01F9D219D130600E5123B /* Assets.xcassets in Resources */ = {isa = PBXBuildFile; fileRef = 94C01F9C219D130600E5123B /* Assets.xcassets */; };
		94C01FA0219D130600E5123B /* LaunchScreen.storyboard in Resources */ = {isa = PBXBuildFile; fileRef = 94C01F9E219D130600E5123B /* LaunchScreen.storyboard */; };
		94C01FAB219D130600E5123B /* GithubTests.swift in Sources */ = {isa = PBXBuildFile; fileRef = 94C01FAA219D130600E5123B /* GithubTests.swift */; };
		94C01FB6219D130600E5123B /* GithubUITests.swift in Sources */ = {isa = PBXBuildFile; fileRef = 94C01FB5219D130600E5123B /* GithubUITests.swift */; };
		94C01FD9219D181F00E5123B /* SwURL.framework in Frameworks */ = {isa = PBXBuildFile; fileRef = 94C01FD8219D181F00E5123B /* SwURL.framework */; };
		94C01FDA219D181F00E5123B /* SwURL.framework in Embed Frameworks */ = {isa = PBXBuildFile; fileRef = 94C01FD8219D181F00E5123B /* SwURL.framework */; settings = {ATTRIBUTES = (CodeSignOnCopy, RemoveHeadersOnCopy, ); }; };
/* End PBXBuildFile section */

/* Begin PBXContainerItemProxy section */
		94C01FA7219D130600E5123B /* PBXContainerItemProxy */ = {
			isa = PBXContainerItemProxy;
			containerPortal = 94C01F8A219D130600E5123B /* Project object */;
			proxyType = 1;
			remoteGlobalIDString = 94C01F91219D130600E5123B;
			remoteInfo = Github;
		};
		94C01FB2219D130600E5123B /* PBXContainerItemProxy */ = {
			isa = PBXContainerItemProxy;
			containerPortal = 94C01F8A219D130600E5123B /* Project object */;
			proxyType = 1;
			remoteGlobalIDString = 94C01F91219D130600E5123B;
			remoteInfo = Github;
		};
/* End PBXContainerItemProxy section */

/* Begin PBXCopyFilesBuildPhase section */
		94C01FDB219D181F00E5123B /* Embed Frameworks */ = {
			isa = PBXCopyFilesBuildPhase;
			buildActionMask = 2147483647;
			dstPath = "";
			dstSubfolderSpec = 10;
			files = (
				94C01FDA219D181F00E5123B /* SwURL.framework in Embed Frameworks */,
			);
			name = "Embed Frameworks";
			runOnlyForDeploymentPostprocessing = 0;
		};
/* End PBXCopyFilesBuildPhase section */

/* Begin PBXFileReference section */
		94C01F92219D130600E5123B /* Github.app */ = {isa = PBXFileReference; explicitFileType = wrapper.application; includeInIndex = 0; path = Github.app; sourceTree = BUILT_PRODUCTS_DIR; };
		94C01F95219D130600E5123B /* AppDelegate.swift */ = {isa = PBXFileReference; lastKnownFileType = sourcecode.swift; path = AppDelegate.swift; sourceTree = "<group>"; };
		94C01F97219D130600E5123B /* ViewController.swift */ = {isa = PBXFileReference; lastKnownFileType = sourcecode.swift; path = ViewController.swift; sourceTree = "<group>"; };
		94C01F9A219D130600E5123B /* Base */ = {isa = PBXFileReference; lastKnownFileType = file.storyboard; name = Base; path = Base.lproj/Main.storyboard; sourceTree = "<group>"; };
		94C01F9C219D130600E5123B /* Assets.xcassets */ = {isa = PBXFileReference; lastKnownFileType = folder.assetcatalog; path = Assets.xcassets; sourceTree = "<group>"; };
		94C01F9F219D130600E5123B /* Base */ = {isa = PBXFileReference; lastKnownFileType = file.storyboard; name = Base; path = Base.lproj/LaunchScreen.storyboard; sourceTree = "<group>"; };
		94C01FA1219D130600E5123B /* Info.plist */ = {isa = PBXFileReference; lastKnownFileType = text.plist.xml; path = Info.plist; sourceTree = "<group>"; };
		94C01FA6219D130600E5123B /* GithubTests.xctest */ = {isa = PBXFileReference; explicitFileType = wrapper.cfbundle; includeInIndex = 0; path = GithubTests.xctest; sourceTree = BUILT_PRODUCTS_DIR; };
		94C01FAA219D130600E5123B /* GithubTests.swift */ = {isa = PBXFileReference; lastKnownFileType = sourcecode.swift; path = GithubTests.swift; sourceTree = "<group>"; };
		94C01FAC219D130600E5123B /* Info.plist */ = {isa = PBXFileReference; lastKnownFileType = text.plist.xml; path = Info.plist; sourceTree = "<group>"; };
		94C01FB1219D130600E5123B /* GithubUITests.xctest */ = {isa = PBXFileReference; explicitFileType = wrapper.cfbundle; includeInIndex = 0; path = GithubUITests.xctest; sourceTree = BUILT_PRODUCTS_DIR; };
		94C01FB5219D130600E5123B /* GithubUITests.swift */ = {isa = PBXFileReference; lastKnownFileType = sourcecode.swift; path = GithubUITests.swift; sourceTree = "<group>"; };
		94C01FB7219D130600E5123B /* Info.plist */ = {isa = PBXFileReference; lastKnownFileType = text.plist.xml; path = Info.plist; sourceTree = "<group>"; };
		94C01FD8219D181F00E5123B /* SwURL.framework */ = {isa = PBXFileReference; explicitFileType = wrapper.framework; path = SwURL.framework; sourceTree = BUILT_PRODUCTS_DIR; };
/* End PBXFileReference section */

/* Begin PBXFrameworksBuildPhase section */
		94C01F8F219D130600E5123B /* Frameworks */ = {
			isa = PBXFrameworksBuildPhase;
			buildActionMask = 2147483647;
			files = (
				94C01FD9219D181F00E5123B /* SwURL.framework in Frameworks */,
			);
			runOnlyForDeploymentPostprocessing = 0;
		};
		94C01FA3219D130600E5123B /* Frameworks */ = {
			isa = PBXFrameworksBuildPhase;
			buildActionMask = 2147483647;
			files = (
			);
			runOnlyForDeploymentPostprocessing = 0;
		};
		94C01FAE219D130600E5123B /* Frameworks */ = {
			isa = PBXFrameworksBuildPhase;
			buildActionMask = 2147483647;
			files = (
			);
			runOnlyForDeploymentPostprocessing = 0;
		};
/* End PBXFrameworksBuildPhase section */

/* Begin PBXGroup section */
		94C01F89219D130600E5123B = {
			isa = PBXGroup;
			children = (
				94C01FD8219D181F00E5123B /* SwURL.framework */,
				94C01F94219D130600E5123B /* Github */,
				94C01FA9219D130600E5123B /* GithubTests */,
				94C01FB4219D130600E5123B /* GithubUITests */,
				94C01F93219D130600E5123B /* Products */,
			);
			sourceTree = "<group>";
		};
		94C01F93219D130600E5123B /* Products */ = {
			isa = PBXGroup;
			children = (
				94C01F92219D130600E5123B /* Github.app */,
				94C01FA6219D130600E5123B /* GithubTests.xctest */,
				94C01FB1219D130600E5123B /* GithubUITests.xctest */,
			);
			name = Products;
			sourceTree = "<group>";
		};
		94C01F94219D130600E5123B /* Github */ = {
			isa = PBXGroup;
			children = (
				94C01F95219D130600E5123B /* AppDelegate.swift */,
				94C01F97219D130600E5123B /* ViewController.swift */,
				94C01F99219D130600E5123B /* Main.storyboard */,
				94C01F9C219D130600E5123B /* Assets.xcassets */,
				94C01F9E219D130600E5123B /* LaunchScreen.storyboard */,
				94C01FA1219D130600E5123B /* Info.plist */,
			);
			path = Github;
			sourceTree = "<group>";
		};
		94C01FA9219D130600E5123B /* GithubTests */ = {
			isa = PBXGroup;
			children = (
				94C01FAA219D130600E5123B /* GithubTests.swift */,
				94C01FAC219D130600E5123B /* Info.plist */,
			);
			path = GithubTests;
			sourceTree = "<group>";
		};
		94C01FB4219D130600E5123B /* GithubUITests */ = {
			isa = PBXGroup;
			children = (
				94C01FB5219D130600E5123B /* GithubUITests.swift */,
				94C01FB7219D130600E5123B /* Info.plist */,
			);
			path = GithubUITests;
			sourceTree = "<group>";
		};
/* End PBXGroup section */

/* Begin PBXNativeTarget section */
		94C01F91219D130600E5123B /* Github */ = {
			isa = PBXNativeTarget;
			buildConfigurationList = 94C01FBA219D130600E5123B /* Build configuration list for PBXNativeTarget "Github" */;
			buildPhases = (
				94C01F8E219D130600E5123B /* Sources */,
				94C01F8F219D130600E5123B /* Frameworks */,
				94C01F90219D130600E5123B /* Resources */,
				94C01FDB219D181F00E5123B /* Embed Frameworks */,
			);
			buildRules = (
			);
			dependencies = (
			);
			name = Github;
			productName = Github;
			productReference = 94C01F92219D130600E5123B /* Github.app */;
			productType = "com.apple.product-type.application";
		};
		94C01FA5219D130600E5123B /* GithubTests */ = {
			isa = PBXNativeTarget;
			buildConfigurationList = 94C01FBD219D130600E5123B /* Build configuration list for PBXNativeTarget "GithubTests" */;
			buildPhases = (
				94C01FA2219D130600E5123B /* Sources */,
				94C01FA3219D130600E5123B /* Frameworks */,
				94C01FA4219D130600E5123B /* Resources */,
			);
			buildRules = (
			);
			dependencies = (
				94C01FA8219D130600E5123B /* PBXTargetDependency */,
			);
			name = GithubTests;
			productName = GithubTests;
			productReference = 94C01FA6219D130600E5123B /* GithubTests.xctest */;
			productType = "com.apple.product-type.bundle.unit-test";
		};
		94C01FB0219D130600E5123B /* GithubUITests */ = {
			isa = PBXNativeTarget;
			buildConfigurationList = 94C01FC0219D130600E5123B /* Build configuration list for PBXNativeTarget "GithubUITests" */;
			buildPhases = (
				94C01FAD219D130600E5123B /* Sources */,
				94C01FAE219D130600E5123B /* Frameworks */,
				94C01FAF219D130600E5123B /* Resources */,
			);
			buildRules = (
			);
			dependencies = (
				94C01FB3219D130600E5123B /* PBXTargetDependency */,
			);
			name = GithubUITests;
			productName = GithubUITests;
			productReference = 94C01FB1219D130600E5123B /* GithubUITests.xctest */;
			productType = "com.apple.product-type.bundle.ui-testing";
		};
/* End PBXNativeTarget section */

/* Begin PBXProject section */
		94C01F8A219D130600E5123B /* Project object */ = {
			isa = PBXProject;
			attributes = {
				LastSwiftUpdateCheck = 1010;
				LastUpgradeCheck = 1010;
				ORGANIZATIONNAME = "Phil Cole";
				TargetAttributes = {
					94C01F91219D130600E5123B = {
						CreatedOnToolsVersion = 10.1;
					};
					94C01FA5219D130600E5123B = {
						CreatedOnToolsVersion = 10.1;
						TestTargetID = 94C01F91219D130600E5123B;
					};
					94C01FB0219D130600E5123B = {
						CreatedOnToolsVersion = 10.1;
						TestTargetID = 94C01F91219D130600E5123B;
					};
				};
			};
			buildConfigurationList = 94C01F8D219D130600E5123B /* Build configuration list for PBXProject "Github" */;
			compatibilityVersion = "Xcode 9.3";
			developmentRegion = en;
			hasScannedForEncodings = 0;
			knownRegions = (
				en,
				Base,
			);
			mainGroup = 94C01F89219D130600E5123B;
			productRefGroup = 94C01F93219D130600E5123B /* Products */;
			projectDirPath = "";
			projectRoot = "";
			targets = (
				94C01F91219D130600E5123B /* Github */,
				94C01FA5219D130600E5123B /* GithubTests */,
				94C01FB0219D130600E5123B /* GithubUITests */,
			);
		};
/* End PBXProject section */

/* Begin PBXResourcesBuildPhase section */
		94C01F90219D130600E5123B /* Resources */ = {
			isa = PBXResourcesBuildPhase;
			buildActionMask = 2147483647;
			files = (
				94C01FA0219D130600E5123B /* LaunchScreen.storyboard in Resources */,
				94C01F9D219D130600E5123B /* Assets.xcassets in Resources */,
				94C01F9B219D130600E5123B /* Main.storyboard in Resources */,
			);
			runOnlyForDeploymentPostprocessing = 0;
		};
		94C01FA4219D130600E5123B /* Resources */ = {
			isa = PBXResourcesBuildPhase;
			buildActionMask = 2147483647;
			files = (
			);
			runOnlyForDeploymentPostprocessing = 0;
		};
		94C01FAF219D130600E5123B /* Resources */ = {
			isa = PBXResourcesBuildPhase;
			buildActionMask = 2147483647;
			files = (
			);
			runOnlyForDeploymentPostprocessing = 0;
		};
/* End PBXResourcesBuildPhase section */

/* Begin PBXSourcesBuildPhase section */
		94C01F8E219D130600E5123B /* Sources */ = {
			isa = PBXSourcesBuildPhase;
			buildActionMask = 2147483647;
			files = (
				94C01F98219D130600E5123B /* ViewController.swift in Sources */,
				94C01F96219D130600E5123B /* AppDelegate.swift in Sources */,
			);
			runOnlyForDeploymentPostprocessing = 0;
		};
		94C01FA2219D130600E5123B /* Sources */ = {
			isa = PBXSourcesBuildPhase;
			buildActionMask = 2147483647;
			files = (
				94C01FAB219D130600E5123B /* GithubTests.swift in Sources */,
			);
			runOnlyForDeploymentPostprocessing = 0;
		};
		94C01FAD219D130600E5123B /* Sources */ = {
			isa = PBXSourcesBuildPhase;
			buildActionMask = 2147483647;
			files = (
				94C01FB6219D130600E5123B /* GithubUITests.swift in Sources */,
			);
			runOnlyForDeploymentPostprocessing = 0;
		};
/* End PBXSourcesBuildPhase section */

/* Begin PBXTargetDependency section */
		94C01FA8219D130600E5123B /* PBXTargetDependency */ = {
			isa = PBXTargetDependency;
			target = 94C01F91219D130600E5123B /* Github */;
			targetProxy = 94C01FA7219D130600E5123B /* PBXContainerItemProxy */;
		};
		94C01FB3219D130600E5123B /* PBXTargetDependency */ = {
			isa = PBXTargetDependency;
			target = 94C01F91219D130600E5123B /* Github */;
			targetProxy = 94C01FB2219D130600E5123B /* PBXContainerItemProxy */;
		};
/* End PBXTargetDependency section */

/* Begin PBXVariantGroup section */
		94C01F99219D130600E5123B /* Main.storyboard */ = {
			isa = PBXVariantGroup;
			children = (
				94C01F9A219D130600E5123B /* Base */,
			);
			name = Main.storyboard;
			sourceTree = "<group>";
		};
		94C01F9E219D130600E5123B /* LaunchScreen.storyboard */ = {
			isa = PBXVariantGroup;
			children = (
				94C01F9F219D130600E5123B /* Base */,
			);
			name = LaunchScreen.storyboard;
			sourceTree = "<group>";
		};
/* End PBXVariantGroup section */

/* Begin XCBuildConfiguration section */
		94C01FB8219D130600E5123B /* Debug */ = {
			isa = XCBuildConfiguration;
			buildSettings = {
				ALWAYS_SEARCH_USER_PATHS = NO;
				CLANG_ANALYZER_NONNULL = YES;
				CLANG_ANALYZER_NUMBER_OBJECT_CONVERSION = YES_AGGRESSIVE;
				CLANG_CXX_LANGUAGE_STANDARD = "gnu++14";
				CLANG_CXX_LIBRARY = "libc++";
				CLANG_ENABLE_MODULES = YES;
				CLANG_ENABLE_OBJC_ARC = YES;
				CLANG_ENABLE_OBJC_WEAK = YES;
				CLANG_WARN_BLOCK_CAPTURE_AUTORELEASING = YES;
				CLANG_WARN_BOOL_CONVERSION = YES;
				CLANG_WARN_COMMA = YES;
				CLANG_WARN_CONSTANT_CONVERSION = YES;
				CLANG_WARN_DEPRECATED_OBJC_IMPLEMENTATIONS = YES;
				CLANG_WARN_DIRECT_OBJC_ISA_USAGE = YES_ERROR;
				CLANG_WARN_DOCUMENTATION_COMMENTS = YES;
				CLANG_WARN_EMPTY_BODY = YES;
				CLANG_WARN_ENUM_CONVERSION = YES;
				CLANG_WARN_INFINITE_RECURSION = YES;
				CLANG_WARN_INT_CONVERSION = YES;
				CLANG_WARN_NON_LITERAL_NULL_CONVERSION = YES;
				CLANG_WARN_OBJC_IMPLICIT_RETAIN_SELF = YES;
				CLANG_WARN_OBJC_LITERAL_CONVERSION = YES;
				CLANG_WARN_OBJC_ROOT_CLASS = YES_ERROR;
				CLANG_WARN_RANGE_LOOP_ANALYSIS = YES;
				CLANG_WARN_STRICT_PROTOTYPES = YES;
				CLANG_WARN_SUSPICIOUS_MOVE = YES;
				CLANG_WARN_UNGUARDED_AVAILABILITY = YES_AGGRESSIVE;
				CLANG_WARN_UNREACHABLE_CODE = YES;
				CLANG_WARN__DUPLICATE_METHOD_MATCH = YES;
				CODE_SIGN_IDENTITY = "iPhone Developer";
				COPY_PHASE_STRIP = NO;
				DEBUG_INFORMATION_FORMAT = dwarf;
				ENABLE_STRICT_OBJC_MSGSEND = YES;
				ENABLE_TESTABILITY = YES;
				GCC_C_LANGUAGE_STANDARD = gnu11;
				GCC_DYNAMIC_NO_PIC = NO;
				GCC_NO_COMMON_BLOCKS = YES;
				GCC_OPTIMIZATION_LEVEL = 0;
				GCC_PREPROCESSOR_DEFINITIONS = (
					"DEBUG=1",
					"$(inherited)",
				);
				GCC_WARN_64_TO_32_BIT_CONVERSION = YES;
				GCC_WARN_ABOUT_RETURN_TYPE = YES_ERROR;
				GCC_WARN_UNDECLARED_SELECTOR = YES;
				GCC_WARN_UNINITIALIZED_AUTOS = YES_AGGRESSIVE;
				GCC_WARN_UNUSED_FUNCTION = YES;
				GCC_WARN_UNUSED_VARIABLE = YES;
				IPHONEOS_DEPLOYMENT_TARGET = 12.1;
				MTL_ENABLE_DEBUG_INFO = INCLUDE_SOURCE;
				MTL_FAST_MATH = YES;
				ONLY_ACTIVE_ARCH = YES;
				SDKROOT = iphoneos;
				SWIFT_ACTIVE_COMPILATION_CONDITIONS = DEBUG;
				SWIFT_OPTIMIZATION_LEVEL = "-Onone";
			};
			name = Debug;
		};
		94C01FB9219D130600E5123B /* Release */ = {
			isa = XCBuildConfiguration;
			buildSettings = {
				ALWAYS_SEARCH_USER_PATHS = NO;
				CLANG_ANALYZER_NONNULL = YES;
				CLANG_ANALYZER_NUMBER_OBJECT_CONVERSION = YES_AGGRESSIVE;
				CLANG_CXX_LANGUAGE_STANDARD = "gnu++14";
				CLANG_CXX_LIBRARY = "libc++";
				CLANG_ENABLE_MODULES = YES;
				CLANG_ENABLE_OBJC_ARC = YES;
				CLANG_ENABLE_OBJC_WEAK = YES;
				CLANG_WARN_BLOCK_CAPTURE_AUTORELEASING = YES;
				CLANG_WARN_BOOL_CONVERSION = YES;
				CLANG_WARN_COMMA = YES;
				CLANG_WARN_CONSTANT_CONVERSION = YES;
				CLANG_WARN_DEPRECATED_OBJC_IMPLEMENTATIONS = YES;
				CLANG_WARN_DIRECT_OBJC_ISA_USAGE = YES_ERROR;
				CLANG_WARN_DOCUMENTATION_COMMENTS = YES;
				CLANG_WARN_EMPTY_BODY = YES;
				CLANG_WARN_ENUM_CONVERSION = YES;
				CLANG_WARN_INFINITE_RECURSION = YES;
				CLANG_WARN_INT_CONVERSION = YES;
				CLANG_WARN_NON_LITERAL_NULL_CONVERSION = YES;
				CLANG_WARN_OBJC_IMPLICIT_RETAIN_SELF = YES;
				CLANG_WARN_OBJC_LITERAL_CONVERSION = YES;
				CLANG_WARN_OBJC_ROOT_CLASS = YES_ERROR;
				CLANG_WARN_RANGE_LOOP_ANALYSIS = YES;
				CLANG_WARN_STRICT_PROTOTYPES = YES;
				CLANG_WARN_SUSPICIOUS_MOVE = YES;
				CLANG_WARN_UNGUARDED_AVAILABILITY = YES_AGGRESSIVE;
				CLANG_WARN_UNREACHABLE_CODE = YES;
				CLANG_WARN__DUPLICATE_METHOD_MATCH = YES;
				CODE_SIGN_IDENTITY = "iPhone Developer";
				COPY_PHASE_STRIP = NO;
				DEBUG_INFORMATION_FORMAT = "dwarf-with-dsym";
				ENABLE_NS_ASSERTIONS = NO;
				ENABLE_STRICT_OBJC_MSGSEND = YES;
				GCC_C_LANGUAGE_STANDARD = gnu11;
				GCC_NO_COMMON_BLOCKS = YES;
				GCC_WARN_64_TO_32_BIT_CONVERSION = YES;
				GCC_WARN_ABOUT_RETURN_TYPE = YES_ERROR;
				GCC_WARN_UNDECLARED_SELECTOR = YES;
				GCC_WARN_UNINITIALIZED_AUTOS = YES_AGGRESSIVE;
				GCC_WARN_UNUSED_FUNCTION = YES;
				GCC_WARN_UNUSED_VARIABLE = YES;
				IPHONEOS_DEPLOYMENT_TARGET = 12.1;
				MTL_ENABLE_DEBUG_INFO = NO;
				MTL_FAST_MATH = YES;
				SDKROOT = iphoneos;
				SWIFT_COMPILATION_MODE = wholemodule;
				SWIFT_OPTIMIZATION_LEVEL = "-O";
				VALIDATE_PRODUCT = YES;
			};
			name = Release;
		};
		94C01FBB219D130600E5123B /* Debug */ = {
			isa = XCBuildConfiguration;
			buildSettings = {
				ASSETCATALOG_COMPILER_APPICON_NAME = AppIcon;
				CODE_SIGN_STYLE = Automatic;
				DEVELOPMENT_TEAM = LZX69D2T2M;
				INFOPLIST_FILE = Github/Info.plist;
				LD_RUNPATH_SEARCH_PATHS = (
					"$(inherited)",
					"@executable_path/Frameworks",
				);
				PRODUCT_BUNDLE_IDENTIFIER = com.philcole.Github;
				PRODUCT_NAME = "$(TARGET_NAME)";
				SWIFT_VERSION = 4.2;
				TARGETED_DEVICE_FAMILY = "1,2";
			};
			name = Debug;
		};
		94C01FBC219D130600E5123B /* Release */ = {
			isa = XCBuildConfiguration;
			buildSettings = {
				ASSETCATALOG_COMPILER_APPICON_NAME = AppIcon;
				CODE_SIGN_STYLE = Automatic;
				DEVELOPMENT_TEAM = LZX69D2T2M;
				INFOPLIST_FILE = Github/Info.plist;
				LD_RUNPATH_SEARCH_PATHS = (
					"$(inherited)",
					"@executable_path/Frameworks",
				);
				PRODUCT_BUNDLE_IDENTIFIER = com.philcole.Github;
				PRODUCT_NAME = "$(TARGET_NAME)";
				SWIFT_VERSION = 4.2;
				TARGETED_DEVICE_FAMILY = "1,2";
			};
			name = Release;
		};
		94C01FBE219D130600E5123B /* Debug */ = {
			isa = XCBuildConfiguration;
			buildSettings = {
				ALWAYS_EMBED_SWIFT_STANDARD_LIBRARIES = YES;
				BUNDLE_LOADER = "$(TEST_HOST)";
				CODE_SIGN_STYLE = Automatic;
				DEVELOPMENT_TEAM = LZX69D2T2M;
				INFOPLIST_FILE = GithubTests/Info.plist;
				LD_RUNPATH_SEARCH_PATHS = (
					"$(inherited)",
					"@executable_path/Frameworks",
					"@loader_path/Frameworks",
				);
				PRODUCT_BUNDLE_IDENTIFIER = com.philcole.GithubTests;
				PRODUCT_NAME = "$(TARGET_NAME)";
				SWIFT_VERSION = 4.2;
				TARGETED_DEVICE_FAMILY = "1,2";
				TEST_HOST = "$(BUILT_PRODUCTS_DIR)/Github.app/Github";
			};
			name = Debug;
		};
		94C01FBF219D130600E5123B /* Release */ = {
			isa = XCBuildConfiguration;
			buildSettings = {
				ALWAYS_EMBED_SWIFT_STANDARD_LIBRARIES = YES;
				BUNDLE_LOADER = "$(TEST_HOST)";
				CODE_SIGN_STYLE = Automatic;
				DEVELOPMENT_TEAM = LZX69D2T2M;
				INFOPLIST_FILE = GithubTests/Info.plist;
				LD_RUNPATH_SEARCH_PATHS = (
					"$(inherited)",
					"@executable_path/Frameworks",
					"@loader_path/Frameworks",
				);
				PRODUCT_BUNDLE_IDENTIFIER = com.philcole.GithubTests;
				PRODUCT_NAME = "$(TARGET_NAME)";
				SWIFT_VERSION = 4.2;
				TARGETED_DEVICE_FAMILY = "1,2";
				TEST_HOST = "$(BUILT_PRODUCTS_DIR)/Github.app/Github";
			};
			name = Release;
		};
		94C01FC1219D130600E5123B /* Debug */ = {
			isa = XCBuildConfiguration;
			buildSettings = {
				ALWAYS_EMBED_SWIFT_STANDARD_LIBRARIES = YES;
				CODE_SIGN_STYLE = Automatic;
				DEVELOPMENT_TEAM = LZX69D2T2M;
				INFOPLIST_FILE = GithubUITests/Info.plist;
				LD_RUNPATH_SEARCH_PATHS = (
					"$(inherited)",
					"@executable_path/Frameworks",
					"@loader_path/Frameworks",
				);
				PRODUCT_BUNDLE_IDENTIFIER = com.philcole.GithubUITests;
				PRODUCT_NAME = "$(TARGET_NAME)";
				SWIFT_VERSION = 4.2;
				TARGETED_DEVICE_FAMILY = "1,2";
				TEST_TARGET_NAME = Github;
			};
			name = Debug;
		};
		94C01FC2219D130600E5123B /* Release */ = {
			isa = XCBuildConfiguration;
			buildSettings = {
				ALWAYS_EMBED_SWIFT_STANDARD_LIBRARIES = YES;
				CODE_SIGN_STYLE = Automatic;
				DEVELOPMENT_TEAM = LZX69D2T2M;
				INFOPLIST_FILE = GithubUITests/Info.plist;
				LD_RUNPATH_SEARCH_PATHS = (
					"$(inherited)",
					"@executable_path/Frameworks",
					"@loader_path/Frameworks",
				);
				PRODUCT_BUNDLE_IDENTIFIER = com.philcole.GithubUITests;
				PRODUCT_NAME = "$(TARGET_NAME)";
				SWIFT_VERSION = 4.2;
				TARGETED_DEVICE_FAMILY = "1,2";
				TEST_TARGET_NAME = Github;
			};
			name = Release;
		};
/* End XCBuildConfiguration section */

/* Begin XCConfigurationList section */
		94C01F8D219D130600E5123B /* Build configuration list for PBXProject "Github" */ = {
			isa = XCConfigurationList;
			buildConfigurations = (
				94C01FB8219D130600E5123B /* Debug */,
				94C01FB9219D130600E5123B /* Release */,
			);
			defaultConfigurationIsVisible = 0;
			defaultConfigurationName = Release;
		};
		94C01FBA219D130600E5123B /* Build configuration list for PBXNativeTarget "Github" */ = {
			isa = XCConfigurationList;
			buildConfigurations = (
				94C01FBB219D130600E5123B /* Debug */,
				94C01FBC219D130600E5123B /* Release */,
			);
			defaultConfigurationIsVisible = 0;
			defaultConfigurationName = Release;
		};
		94C01FBD219D130600E5123B /* Build configuration list for PBXNativeTarget "GithubTests" */ = {
			isa = XCConfigurationList;
			buildConfigurations = (
				94C01FBE219D130600E5123B /* Debug */,
				94C01FBF219D130600E5123B /* Release */,
			);
			defaultConfigurationIsVisible = 0;
			defaultConfigurationName = Release;
		};
		94C01FC0219D130600E5123B /* Build configuration list for PBXNativeTarget "GithubUITests" */ = {
			isa = XCConfigurationList;
			buildConfigurations = (
				94C01FC1219D130600E5123B /* Debug */,
				94C01FC2219D130600E5123B /* Release */,
			);
			defaultConfigurationIsVisible = 0;
			defaultConfigurationName = Release;
		};
/* End XCConfigurationList section */
	};
	rootObject = 94C01F8A219D130600E5123B /* Project object */;
}
